
Microsoft Visual Studio Solution File, Format Version 12.00
# Visual Studio 15
VisualStudioVersion = 15.0.28307.1000
MinimumVisualStudioVersion = 10.0.40219.1
Project("{FAE04EC0-301F-11D3-BF4B-00C04F79EFBC}") = "RESTApi", "RESTApi\RESTApi.csproj", "{DDE9EADD-5260-49CA-8628-E2B21010AD75}"
EndProject
Global
	GlobalSection(SolutionConfigurationPlatforms) = preSolution
		Debug|Any CPU = Debug|Any CPU
		Release|Any CPU = Release|Any CPU
	EndGlobalSection
	GlobalSection(ProjectConfigurationPlatforms) = postSolution
		{DDE9EADD-5260-49CA-8628-E2B21010AD75}.Debug|Any CPU.ActiveCfg = Debug|Any CPU
		{DDE9EADD-5260-49CA-8628-E2B21010AD75}.Debug|Any CPU.Build.0 = Debug|Any CPU
		{DDE9EADD-5260-49CA-8628-E2B21010AD75}.Release|Any CPU.ActiveCfg = Release|Any CPU
		{DDE9EADD-5260-49CA-8628-E2B21010AD75}.Release|Any CPU.Build.0 = Release|Any CPU
	EndGlobalSection
	GlobalSection(SolutionProperties) = preSolution
		HideSolutionNode = FALSE
	EndGlobalSection
	GlobalSection(ExtensibilityGlobals) = postSolution
		SolutionGuid = {B9A37778-8B33-429D-8DD4-2D69D91D22AD}
	EndGlobalSection
EndGlobal
